
Microsoft Visual Studio Solution File, Format Version 12.00
# Visual Studio Version 16
VisualStudioVersion = 16.0.32802.440
MinimumVisualStudioVersion = 10.0.40219.1
Project("{FAE04EC0-301F-11D3-BF4B-00C04F79EFBC}") = "Arkanoid", "Arkanoid\Arkanoid.csproj", "{593DC850-99D3-41E6-89F3-B82D1A17D276}"
EndProject
Global
	GlobalSection(SolutionConfigurationPlatforms) = preSolution
		Debug|Any CPU = Debug|Any CPU
		Release|Any CPU = Release|Any CPU
	EndGlobalSection
	GlobalSection(ProjectConfigurationPlatforms) = postSolution
		{593DC850-99D3-41E6-89F3-B82D1A17D276}.Debug|Any CPU.ActiveCfg = Debug|Any CPU
		{593DC850-99D3-41E6-89F3-B82D1A17D276}.Debug|Any CPU.Build.0 = Debug|Any CPU
		{593DC850-99D3-41E6-89F3-B82D1A17D276}.Release|Any CPU.ActiveCfg = Release|Any CPU
		{593DC850-99D3-41E6-89F3-B82D1A17D276}.Release|Any CPU.Build.0 = Release|Any CPU
	EndGlobalSection
	GlobalSection(SolutionProperties) = preSolution
		HideSolutionNode = FALSE
	EndGlobalSection
	GlobalSection(ExtensibilityGlobals) = postSolution
		SolutionGuid = {DD2DA9D8-F6DE-46D0-AEC0-52A46A650C5E}
	EndGlobalSection
EndGlobal
